
Microsoft Visual Studio Solution File, Format Version 12.00
# Visual Studio Version 17
VisualStudioVersion = 17.4.33122.133
MinimumVisualStudioVersion = 10.0.40219.1
Project("{FAE04EC0-301F-11D3-BF4B-00C04F79EFBC}") = "Task", "Task\Task.csproj", "{BB67A51D-B837-4938-AB85-662336B8CB00}"
EndProject
Global
	GlobalSection(SolutionConfigurationPlatforms) = preSolution
		Debug|Any CPU = Debug|Any CPU
		Release|Any CPU = Release|Any CPU
	EndGlobalSection
	GlobalSection(ProjectConfigurationPlatforms) = postSolution
		{BB67A51D-B837-4938-AB85-662336B8CB00}.Debug|Any CPU.ActiveCfg = Debug|Any CPU
		{BB67A51D-B837-4938-AB85-662336B8CB00}.Debug|Any CPU.Build.0 = Debug|Any CPU
		{BB67A51D-B837-4938-AB85-662336B8CB00}.Release|Any CPU.ActiveCfg = Release|Any CPU
		{BB67A51D-B837-4938-AB85-662336B8CB00}.Release|Any CPU.Build.0 = Release|Any CPU
	EndGlobalSection
	GlobalSection(SolutionProperties) = preSolution
		HideSolutionNode = FALSE
	EndGlobalSection
	GlobalSection(ExtensibilityGlobals) = postSolution
		SolutionGuid = {01067FA8-1881-4ADD-8FBA-714D8D5D3AA3}
	EndGlobalSection
EndGlobal
